
Microsoft Visual Studio Solution File, Format Version 12.00
# Visual Studio Version 17
VisualStudioVersion = 17.11.35303.130
MinimumVisualStudioVersion = 10.0.40219.1
Project("{2150E333-8FDC-42A3-9474-1A3956D46DE8}") = "Applications", "Applications", "{70A83792-A72B-4C0A-B754-5AFDC68D95BE}"
EndProject
Project("{2150E333-8FDC-42A3-9474-1A3956D46DE8}") = "Libraries", "Libraries", "{B0E4558E-BA64-4E1F-85CD-B57A7C87FD1F}"
EndProject
Project("{9A19103F-16F7-4668-BE54-9A1E7A4F7556}") = "SV21T1020228.Web", "SV21T1020228.Web\SV21T1020228.Web.csproj", "{42B963F6-47B0-45DE-9C25-33D6BF32503F}"
EndProject
Project("{9A19103F-16F7-4668-BE54-9A1E7A4F7556}") = "SV21T1020228.DomainModels", "SV21T1020228.DomainModels\SV21T1020228.DomainModels.csproj", "{E2085850-22C4-46EA-BDF1-81B77290955A}"
EndProject
Project("{9A19103F-16F7-4668-BE54-9A1E7A4F7556}") = "SV21T1020228.DataLayers", "SV21T1020228.DataLayers\SV21T1020228.DataLayers.csproj", "{81F0CA6B-2E09-47B9-B04E-B4255E8849D4}"
EndProject
Project("{9A19103F-16F7-4668-BE54-9A1E7A4F7556}") = "SV21T1020228.BusinessLayers", "SV21T1020228.BusinessLayers\SV21T1020228.BusinessLayers.csproj", "{A52D8812-2B86-4C40-ADAF-D874A341D109}"
EndProject
Global
	GlobalSection(SolutionConfigurationPlatforms) = preSolution
		Debug|Any CPU = Debug|Any CPU
		Release|Any CPU = Release|Any CPU
	EndGlobalSection
	GlobalSection(ProjectConfigurationPlatforms) = postSolution
		{42B963F6-47B0-45DE-9C25-33D6BF32503F}.Debug|Any CPU.ActiveCfg = Debug|Any CPU
		{42B963F6-47B0-45DE-9C25-33D6BF32503F}.Debug|Any CPU.Build.0 = Debug|Any CPU
		{42B963F6-47B0-45DE-9C25-33D6BF32503F}.Release|Any CPU.ActiveCfg = Release|Any CPU
		{42B963F6-47B0-45DE-9C25-33D6BF32503F}.Release|Any CPU.Build.0 = Release|Any CPU
		{E2085850-22C4-46EA-BDF1-81B77290955A}.Debug|Any CPU.ActiveCfg = Debug|Any CPU
		{E2085850-22C4-46EA-BDF1-81B77290955A}.Debug|Any CPU.Build.0 = Debug|Any CPU
		{E2085850-22C4-46EA-BDF1-81B77290955A}.Release|Any CPU.ActiveCfg = Release|Any CPU
		{E2085850-22C4-46EA-BDF1-81B77290955A}.Release|Any CPU.Build.0 = Release|Any CPU
		{81F0CA6B-2E09-47B9-B04E-B4255E8849D4}.Debug|Any CPU.ActiveCfg = Debug|Any CPU
		{81F0CA6B-2E09-47B9-B04E-B4255E8849D4}.Debug|Any CPU.Build.0 = Debug|Any CPU
		{81F0CA6B-2E09-47B9-B04E-B4255E8849D4}.Release|Any CPU.ActiveCfg = Release|Any CPU
		{81F0CA6B-2E09-47B9-B04E-B4255E8849D4}.Release|Any CPU.Build.0 = Release|Any CPU
		{A52D8812-2B86-4C40-ADAF-D874A341D109}.Debug|Any CPU.ActiveCfg = Debug|Any CPU
		{A52D8812-2B86-4C40-ADAF-D874A341D109}.Debug|Any CPU.Build.0 = Debug|Any CPU
		{A52D8812-2B86-4C40-ADAF-D874A341D109}.Release|Any CPU.ActiveCfg = Release|Any CPU
		{A52D8812-2B86-4C40-ADAF-D874A341D109}.Release|Any CPU.Build.0 = Release|Any CPU
	EndGlobalSection
	GlobalSection(SolutionProperties) = preSolution
		HideSolutionNode = FALSE
	EndGlobalSection
	GlobalSection(NestedProjects) = preSolution
		{42B963F6-47B0-45DE-9C25-33D6BF32503F} = {70A83792-A72B-4C0A-B754-5AFDC68D95BE}
		{E2085850-22C4-46EA-BDF1-81B77290955A} = {B0E4558E-BA64-4E1F-85CD-B57A7C87FD1F}
		{81F0CA6B-2E09-47B9-B04E-B4255E8849D4} = {B0E4558E-BA64-4E1F-85CD-B57A7C87FD1F}
		{A52D8812-2B86-4C40-ADAF-D874A341D109} = {B0E4558E-BA64-4E1F-85CD-B57A7C87FD1F}
	EndGlobalSection
	GlobalSection(ExtensibilityGlobals) = postSolution
		SolutionGuid = {E5FEEC11-33C5-42E1-A0A3-28E615E5DAF6}
	EndGlobalSection
EndGlobal
